
Microsoft Visual Studio Solution File, Format Version 12.00
# Visual Studio Version 16
VisualStudioVersion = 16.0.31019.35
MinimumVisualStudioVersion = 10.0.40219.1
Project("{9A19103F-16F7-4668-BE54-9A1E7A4F7556}") = "Application", "Tahaluf.FCA.CashDeclaration.Application\Application.csproj", "{4F05C228-9407-4028-AB6C-66CB75F9E9CE}"
EndProject
Project("{9A19103F-16F7-4668-BE54-9A1E7A4F7556}") = "Domain", "Tahaluf.FCA.CashDeclaration.Domain\Domain.csproj", "{DC3A908B-E120-4007-8BF2-D74C6B3B74DC}"
EndProject
Project("{9A19103F-16F7-4668-BE54-9A1E7A4F7556}") = "DTO", "Tahaluf.FCA.CashDeclaration.DTO\DTO.csproj", "{2F32DE8A-CAAE-48BB-8E52-A18E506B9A32}"
EndProject
Project("{9A19103F-16F7-4668-BE54-9A1E7A4F7556}") = "Infrastructure", "Tahaluf.FCA.CashDeclaration.Infrastructure\Infrastructure.csproj", "{1F30CFC2-BD39-411F-A064-689DB33CA1C0}"
EndProject
Project("{E24C65DC-7377-472B-9ABA-BC803B73C61A}") = "Tahaluf.FCA.CashDeclaration.Web", "Tahaluf.FCA.CashDeclaration.Web", "{1AB7E0BF-B4C1-412F-9D7E-4EA7BA4C0236}"
	ProjectSection(WebsiteProperties) = preProject
		SccProjectName = "SAK"
		SccAuxPath = "SAK"
		SccLocalPath = "SAK"
		SccProvider = "SAK"
		TargetFrameworkMoniker = ".NETFramework,Version%3Dv4.5"
		Debug.AspNetCompiler.VirtualPath = "/localhost_51162"
		Debug.AspNetCompiler.PhysicalPath = "Tahaluf.FCA.CashDeclaration.Web\"
		Debug.AspNetCompiler.TargetPath = "PrecompiledWeb\localhost_51162\"
		Debug.AspNetCompiler.Updateable = "true"
		Debug.AspNetCompiler.ForceOverwrite = "true"
		Debug.AspNetCompiler.FixedNames = "false"
		Debug.AspNetCompiler.Debug = "True"
		Release.AspNetCompiler.VirtualPath = "/localhost_51162"
		Release.AspNetCompiler.PhysicalPath = "Tahaluf.FCA.CashDeclaration.Web\"
		Release.AspNetCompiler.TargetPath = "PrecompiledWeb\localhost_51162\"
		Release.AspNetCompiler.Updateable = "true"
		Release.AspNetCompiler.ForceOverwrite = "true"
		Release.AspNetCompiler.FixedNames = "false"
		Release.AspNetCompiler.Debug = "False"
		VWDPort = "51162"
		SlnRelativePath = "Tahaluf.FCA.CashDeclaration.Web\"
		DefaultWebSiteLanguage = "Visual Basic"
	EndProjectSection
EndProject
Global
	GlobalSection(SolutionConfigurationPlatforms) = preSolution
		Debug|Any CPU = Debug|Any CPU
		Release|Any CPU = Release|Any CPU
	EndGlobalSection
	GlobalSection(ProjectConfigurationPlatforms) = postSolution
		{4F05C228-9407-4028-AB6C-66CB75F9E9CE}.Debug|Any CPU.ActiveCfg = Debug|Any CPU
		{4F05C228-9407-4028-AB6C-66CB75F9E9CE}.Debug|Any CPU.Build.0 = Debug|Any CPU
		{4F05C228-9407-4028-AB6C-66CB75F9E9CE}.Release|Any CPU.ActiveCfg = Release|Any CPU
		{4F05C228-9407-4028-AB6C-66CB75F9E9CE}.Release|Any CPU.Build.0 = Release|Any CPU
		{DC3A908B-E120-4007-8BF2-D74C6B3B74DC}.Debug|Any CPU.ActiveCfg = Debug|Any CPU
		{DC3A908B-E120-4007-8BF2-D74C6B3B74DC}.Debug|Any CPU.Build.0 = Debug|Any CPU
		{DC3A908B-E120-4007-8BF2-D74C6B3B74DC}.Release|Any CPU.ActiveCfg = Release|Any CPU
		{DC3A908B-E120-4007-8BF2-D74C6B3B74DC}.Release|Any CPU.Build.0 = Release|Any CPU
		{2F32DE8A-CAAE-48BB-8E52-A18E506B9A32}.Debug|Any CPU.ActiveCfg = Debug|Any CPU
		{2F32DE8A-CAAE-48BB-8E52-A18E506B9A32}.Debug|Any CPU.Build.0 = Debug|Any CPU
		{2F32DE8A-CAAE-48BB-8E52-A18E506B9A32}.Release|Any CPU.ActiveCfg = Release|Any CPU
		{2F32DE8A-CAAE-48BB-8E52-A18E506B9A32}.Release|Any CPU.Build.0 = Release|Any CPU
		{1F30CFC2-BD39-411F-A064-689DB33CA1C0}.Debug|Any CPU.ActiveCfg = Debug|Any CPU
		{1F30CFC2-BD39-411F-A064-689DB33CA1C0}.Debug|Any CPU.Build.0 = Debug|Any CPU
		{1F30CFC2-BD39-411F-A064-689DB33CA1C0}.Release|Any CPU.ActiveCfg = Release|Any CPU
		{1F30CFC2-BD39-411F-A064-689DB33CA1C0}.Release|Any CPU.Build.0 = Release|Any CPU
		{1AB7E0BF-B4C1-412F-9D7E-4EA7BA4C0236}.Debug|Any CPU.ActiveCfg = Debug|Any CPU
		{1AB7E0BF-B4C1-412F-9D7E-4EA7BA4C0236}.Debug|Any CPU.Build.0 = Debug|Any CPU
		{1AB7E0BF-B4C1-412F-9D7E-4EA7BA4C0236}.Release|Any CPU.ActiveCfg = Debug|Any CPU
		{1AB7E0BF-B4C1-412F-9D7E-4EA7BA4C0236}.Release|Any CPU.Build.0 = Debug|Any CPU
	EndGlobalSection
	GlobalSection(SolutionProperties) = preSolution
		HideSolutionNode = FALSE
	EndGlobalSection
	GlobalSection(ExtensibilityGlobals) = postSolution
		SolutionGuid = {F0D40907-1502-4C84-B338-2CDE12A75BBA}
	EndGlobalSection
EndGlobal
